
Microsoft Visual Studio Solution File, Format Version 12.00
Project("{FAE04EC0-301F-11D3-BF4B-00C04F79EFBC}") = "asp_net_lectures_example", "asp_net_lectures_example\asp_net_lectures_example.csproj", "{1E73014B-9FCD-4A74-8339-4EAF8489A90D}"
EndProject
Project("{FAE04EC0-301F-11D3-BF4B-00C04F79EFBC}") = "DataAccess", "DataAccess\DataAccess.csproj", "{A067A2B4-5E0B-4CC0-8F4A-330D825D81BB}"
EndProject
Global
	GlobalSection(SolutionConfigurationPlatforms) = preSolution
		Debug|Any CPU = Debug|Any CPU
		Release|Any CPU = Release|Any CPU
	EndGlobalSection
	GlobalSection(ProjectConfigurationPlatforms) = postSolution
		{1E73014B-9FCD-4A74-8339-4EAF8489A90D}.Debug|Any CPU.ActiveCfg = Debug|Any CPU
		{1E73014B-9FCD-4A74-8339-4EAF8489A90D}.Debug|Any CPU.Build.0 = Debug|Any CPU
		{1E73014B-9FCD-4A74-8339-4EAF8489A90D}.Release|Any CPU.ActiveCfg = Release|Any CPU
		{1E73014B-9FCD-4A74-8339-4EAF8489A90D}.Release|Any CPU.Build.0 = Release|Any CPU
		{A067A2B4-5E0B-4CC0-8F4A-330D825D81BB}.Debug|Any CPU.ActiveCfg = Debug|Any CPU
		{A067A2B4-5E0B-4CC0-8F4A-330D825D81BB}.Debug|Any CPU.Build.0 = Debug|Any CPU
		{A067A2B4-5E0B-4CC0-8F4A-330D825D81BB}.Release|Any CPU.ActiveCfg = Release|Any CPU
		{A067A2B4-5E0B-4CC0-8F4A-330D825D81BB}.Release|Any CPU.Build.0 = Release|Any CPU
	EndGlobalSection
EndGlobal
